
Microsoft Visual Studio Solution File, Format Version 12.00
Project("{FAE04EC0-301F-11D3-BF4B-00C04F79EFBC}") = "PostgresConnString.NET", "PostgresConnString.NET\PostgresConnString.NET.csproj", "{A76AD12C-AAA9-4300-9914-C6A580BFCDE7}"
EndProject
Project("{FAE04EC0-301F-11D3-BF4B-00C04F79EFBC}") = "PostgresConnString.NET.Tests", "PostgresConnString.NET.Tests\PostgresConnString.NET.Tests.csproj", "{0AF9F465-E70C-45DC-A5D6-2D25E7D152E6}"
EndProject
Global
	GlobalSection(SolutionConfigurationPlatforms) = preSolution
		Debug|Any CPU = Debug|Any CPU
		Release|Any CPU = Release|Any CPU
	EndGlobalSection
	GlobalSection(ProjectConfigurationPlatforms) = postSolution
		{A76AD12C-AAA9-4300-9914-C6A580BFCDE7}.Debug|Any CPU.ActiveCfg = Debug|Any CPU
		{A76AD12C-AAA9-4300-9914-C6A580BFCDE7}.Debug|Any CPU.Build.0 = Debug|Any CPU
		{A76AD12C-AAA9-4300-9914-C6A580BFCDE7}.Release|Any CPU.ActiveCfg = Release|Any CPU
		{A76AD12C-AAA9-4300-9914-C6A580BFCDE7}.Release|Any CPU.Build.0 = Release|Any CPU
		{0AF9F465-E70C-45DC-A5D6-2D25E7D152E6}.Debug|Any CPU.ActiveCfg = Debug|Any CPU
		{0AF9F465-E70C-45DC-A5D6-2D25E7D152E6}.Debug|Any CPU.Build.0 = Debug|Any CPU
		{0AF9F465-E70C-45DC-A5D6-2D25E7D152E6}.Release|Any CPU.ActiveCfg = Release|Any CPU
		{0AF9F465-E70C-45DC-A5D6-2D25E7D152E6}.Release|Any CPU.Build.0 = Release|Any CPU
	EndGlobalSection
EndGlobal
